
Microsoft Visual Studio Solution File, Format Version 12.00
# Visual Studio Version 17
VisualStudioVersion = 17.5.33414.496
MinimumVisualStudioVersion = 10.0.40219.1
Project("{9A19103F-16F7-4668-BE54-9A1E7A4F7556}") = "Example", "Example\Example.csproj", "{F16FA6D2-BE7D-4A8F-A82F-10FA15BA4BA4}"
EndProject
Project("{9A19103F-16F7-4668-BE54-9A1E7A4F7556}") = "CustomLists", "CustomLists\CustomLists.csproj", "{0CCCAD7E-4F4F-4421-B57A-9FE156AC48B9}"
EndProject
Project("{9A19103F-16F7-4668-BE54-9A1E7A4F7556}") = "CustomSearchBars", "CustomSearchBars\CustomSearchBars.csproj", "{A33470D2-7642-4FB1-8D08-A56D7C2361D3}"
EndProject
Project("{9A19103F-16F7-4668-BE54-9A1E7A4F7556}") = "Commons", "Commons\Commons.csproj", "{6B4045B1-757A-45DD-B903-3902BA59EABD}"
EndProject
Project("{FAE04EC0-301F-11D3-BF4B-00C04F79EFBC}") = "RestClient", "RestClient\RestClient.csproj", "{1339CFCB-903E-4907-A6AF-B6F80B1023E0}"
EndProject
Global
	GlobalSection(SolutionConfigurationPlatforms) = preSolution
		Debug|Any CPU = Debug|Any CPU
		Release|Any CPU = Release|Any CPU
	EndGlobalSection
	GlobalSection(ProjectConfigurationPlatforms) = postSolution
		{F16FA6D2-BE7D-4A8F-A82F-10FA15BA4BA4}.Debug|Any CPU.ActiveCfg = Debug|Any CPU
		{F16FA6D2-BE7D-4A8F-A82F-10FA15BA4BA4}.Debug|Any CPU.Build.0 = Debug|Any CPU
		{F16FA6D2-BE7D-4A8F-A82F-10FA15BA4BA4}.Release|Any CPU.ActiveCfg = Release|Any CPU
		{F16FA6D2-BE7D-4A8F-A82F-10FA15BA4BA4}.Release|Any CPU.Build.0 = Release|Any CPU
		{0CCCAD7E-4F4F-4421-B57A-9FE156AC48B9}.Debug|Any CPU.ActiveCfg = Debug|Any CPU
		{0CCCAD7E-4F4F-4421-B57A-9FE156AC48B9}.Debug|Any CPU.Build.0 = Debug|Any CPU
		{0CCCAD7E-4F4F-4421-B57A-9FE156AC48B9}.Release|Any CPU.ActiveCfg = Release|Any CPU
		{0CCCAD7E-4F4F-4421-B57A-9FE156AC48B9}.Release|Any CPU.Build.0 = Release|Any CPU
		{A33470D2-7642-4FB1-8D08-A56D7C2361D3}.Debug|Any CPU.ActiveCfg = Debug|Any CPU
		{A33470D2-7642-4FB1-8D08-A56D7C2361D3}.Debug|Any CPU.Build.0 = Debug|Any CPU
		{A33470D2-7642-4FB1-8D08-A56D7C2361D3}.Release|Any CPU.ActiveCfg = Release|Any CPU
		{A33470D2-7642-4FB1-8D08-A56D7C2361D3}.Release|Any CPU.Build.0 = Release|Any CPU
		{6B4045B1-757A-45DD-B903-3902BA59EABD}.Debug|Any CPU.ActiveCfg = Debug|Any CPU
		{6B4045B1-757A-45DD-B903-3902BA59EABD}.Debug|Any CPU.Build.0 = Debug|Any CPU
		{6B4045B1-757A-45DD-B903-3902BA59EABD}.Release|Any CPU.ActiveCfg = Release|Any CPU
		{6B4045B1-757A-45DD-B903-3902BA59EABD}.Release|Any CPU.Build.0 = Release|Any CPU
		{1339CFCB-903E-4907-A6AF-B6F80B1023E0}.Debug|Any CPU.ActiveCfg = Debug|Any CPU
		{1339CFCB-903E-4907-A6AF-B6F80B1023E0}.Debug|Any CPU.Build.0 = Debug|Any CPU
		{1339CFCB-903E-4907-A6AF-B6F80B1023E0}.Release|Any CPU.ActiveCfg = Release|Any CPU
		{1339CFCB-903E-4907-A6AF-B6F80B1023E0}.Release|Any CPU.Build.0 = Release|Any CPU
	EndGlobalSection
	GlobalSection(SolutionProperties) = preSolution
		HideSolutionNode = FALSE
	EndGlobalSection
	GlobalSection(ExtensibilityGlobals) = postSolution
		SolutionGuid = {E6A3636F-1470-4C3B-9FA6-B9CB720E7815}
	EndGlobalSection
EndGlobal
